{
    "_readme": [
        "This file locks the dependencies of your project to a known state",
        "Read more about it at https://getcomposer.org/doc/01-basic-usage.md#composer-lock-the-lock-file",
        "This file is @generated automatically"
    ],
    "hash": "b819a293baf43602480b133ac5605810",
    "packages": [
        {
            "name": "heartsentwined/arg-validator",
            "version": "1.1.3",
            "source": {
                "type": "git",
                "url": "https://github.com/heartsentwined/php-arg-validator.git",
                "reference": "198be54e92e5c2e3c4d6cf119ebc83ef377a2557"
            },
            "dist": {
                "type": "zip",
                "url": "https://api.github.com/repos/heartsentwined/php-arg-validator/zipball/198be54e92e5c2e3c4d6cf119ebc83ef377a2557",
                "reference": "198be54e92e5c2e3c4d6cf119ebc83ef377a2557",
                "shasum": ""
            },
            "require": {
                "php": ">=5.3.3"
            },
            "type": "library",
            "autoload": {
                "psr-0": {
                    "Heartsentwined\\ArgValidator": "src/"
                }
            },
            "notification-url": "https://packagist.org/downloads/",
            "license": [
                "GPL-3.0"
            ],
            "authors": [
                {
                    "name": "heartsentwined",
                    "email": "heartsentwined@cogito-lab.com",
                    "role": "Developer"
                }
            ],
            "description": "Validate function arguments, extending typehinting capabilities of PHP.",
            "homepage": "https://github.com/heartsentwined/arg-validator",
            "keywords": [
                "argument",
                "typehint",
                "typehinting",
                "validate",
                "validator"
            ],
            "time": "2012-10-03 19:54:08"
        },
        {
            "name": "heartsentwined/yaml",
            "version": "1.0.2",
            "source": {
                "type": "git",
                "url": "https://github.com/heartsentwined/php-yaml.git",
                "reference": "039a24fb91542554be2f72943f677799b4e745f9"
            },
            "dist": {
                "type": "zip",
                "url": "https://api.github.com/repos/heartsentwined/php-yaml/zipball/039a24fb91542554be2f72943f677799b4e745f9",
                "reference": "039a24fb91542554be2f72943f677799b4e745f9",
                "shasum": ""
            },
            "require": {
                "heartsentwined/arg-validator": "1.*",
                "php": ">=5.3.3",
                "symfony/yaml": "2.0.*"
            },
            "type": "library",
            "autoload": {
                "psr-0": {
                    "Heartsentwined\\Yaml": "src/"
                }
            },
            "notification-url": "https://packagist.org/downloads/",
            "license": [
                "GPL-3.0"
            ],
            "authors": [
                {
                    "name": "heartsentwined",
                    "email": "heartsentwined@cogito-lab.com",
                    "role": "Developer"
                }
            ],
            "description": "Wrapper around Symfony's Yaml parser - added __DIR__ support.",
            "homepage": "https://github.com/heartsentwined/yaml",
            "keywords": [
                "yaml",
                "yml"
            ],
            "time": "2012-10-03 19:54:08"
        },
        {
            "name": "symfony/yaml",
            "version": "2.0.x-dev",
            "target-dir": "Symfony/Component/Yaml",
            "source": {
                "type": "git",
                "url": "https://github.com/symfony/Yaml.git",
                "reference": "c508a879829976e30f05e16b96a7ed024ee82ce1"
            },
            "dist": {
                "type": "zip",
                "url": "https://api.github.com/repos/symfony/Yaml/zipball/c508a879829976e30f05e16b96a7ed024ee82ce1",
                "reference": "c508a879829976e30f05e16b96a7ed024ee82ce1",
                "shasum": ""
            },
            "require": {
                "php": ">=5.3.2"
            },
            "type": "library",
            "autoload": {
                "psr-0": {
                    "Symfony\\Component\\Yaml": ""
                }
            },
            "notification-url": "https://packagist.org/downloads/",
            "license": [
                "MIT"
            ],
            "authors": [
                {
                    "name": "Fabien Potencier",
                    "email": "fabien@symfony.com",
                    "homepage": "http://fabien.potencier.org",
                    "role": "Lead Developer"
                },
                {
                    "name": "Symfony Community",
                    "homepage": "http://symfony.com/contributors"
                }
            ],
            "description": "Symfony Yaml Component",
            "homepage": "http://symfony.com",
            "time": "2013-01-18 09:52:07"
        }
    ],
    "packages-dev": [],
    "aliases": [],
    "minimum-stability": "dev",
    "stability-flags": [],
    "prefer-stable": false,
    "prefer-lowest": false,
    "platform": [],
    "platform-dev": []
}
